
Microsoft Visual Studio Solution File, Format Version 12.00
# Visual Studio Version 17
VisualStudioVersion = 17.3.32922.545
MinimumVisualStudioVersion = 10.0.40219.1
Project("{FAE04EC0-301F-11D3-BF4B-00C04F79EFBC}") = "testing_lab(2)", "testing_lab(2)\testing_lab(2).csproj", "{310CE9F9-254B-41E8-A2A0-3D1AB8F5E826}"
EndProject
Global
	GlobalSection(SolutionConfigurationPlatforms) = preSolution
		Debug|Any CPU = Debug|Any CPU
		Release|Any CPU = Release|Any CPU
	EndGlobalSection
	GlobalSection(ProjectConfigurationPlatforms) = postSolution
		{310CE9F9-254B-41E8-A2A0-3D1AB8F5E826}.Debug|Any CPU.ActiveCfg = Debug|Any CPU
		{310CE9F9-254B-41E8-A2A0-3D1AB8F5E826}.Debug|Any CPU.Build.0 = Debug|Any CPU
		{310CE9F9-254B-41E8-A2A0-3D1AB8F5E826}.Release|Any CPU.ActiveCfg = Release|Any CPU
		{310CE9F9-254B-41E8-A2A0-3D1AB8F5E826}.Release|Any CPU.Build.0 = Release|Any CPU
	EndGlobalSection
	GlobalSection(SolutionProperties) = preSolution
		HideSolutionNode = FALSE
	EndGlobalSection
	GlobalSection(ExtensibilityGlobals) = postSolution
		SolutionGuid = {4332783E-32AF-44FF-ABED-2635FE89174D}
	EndGlobalSection
EndGlobal
